
Microsoft Visual Studio Solution File, Format Version 12.00
# Visual Studio Version 16
VisualStudioVersion = 16.0.31829.152
MinimumVisualStudioVersion = 10.0.40219.1
Project("{8BC9CEB8-8B4A-11D0-8D11-00A0C91BC942}") = "Uloha_1", "Uloha_1\Uloha_1.vcxproj", "{684227AE-3FCE-440E-8CBD-29AE5FE96782}"
EndProject
Global
	GlobalSection(SolutionConfigurationPlatforms) = preSolution
		Debug|x64 = Debug|x64
		Debug|x86 = Debug|x86
		Release|x64 = Release|x64
		Release|x86 = Release|x86
	EndGlobalSection
	GlobalSection(ProjectConfigurationPlatforms) = postSolution
		{684227AE-3FCE-440E-8CBD-29AE5FE96782}.Debug|x64.ActiveCfg = Debug|x64
		{684227AE-3FCE-440E-8CBD-29AE5FE96782}.Debug|x64.Build.0 = Debug|x64
		{684227AE-3FCE-440E-8CBD-29AE5FE96782}.Debug|x86.ActiveCfg = Debug|Win32
		{684227AE-3FCE-440E-8CBD-29AE5FE96782}.Debug|x86.Build.0 = Debug|Win32
		{684227AE-3FCE-440E-8CBD-29AE5FE96782}.Release|x64.ActiveCfg = Release|x64
		{684227AE-3FCE-440E-8CBD-29AE5FE96782}.Release|x64.Build.0 = Release|x64
		{684227AE-3FCE-440E-8CBD-29AE5FE96782}.Release|x86.ActiveCfg = Release|Win32
		{684227AE-3FCE-440E-8CBD-29AE5FE96782}.Release|x86.Build.0 = Release|Win32
	EndGlobalSection
	GlobalSection(SolutionProperties) = preSolution
		HideSolutionNode = FALSE
	EndGlobalSection
	GlobalSection(ExtensibilityGlobals) = postSolution
		SolutionGuid = {4A3D8841-AFDA-4E8A-A4B8-80A007742C6F}
	EndGlobalSection
EndGlobal
