
Microsoft Visual Studio Solution File, Format Version 12.00
# Visual Studio Version 16
VisualStudioVersion = 16.0.31829.152
MinimumVisualStudioVersion = 10.0.40219.1
Project("{8BC9CEB8-8B4A-11D0-8D11-00A0C91BC942}") = "Uloha_1", "Uloha_1\Uloha_1.vcxproj", "{974A2A88-7135-4A77-8665-DCA915C1B5FC}"
EndProject
Global
	GlobalSection(SolutionConfigurationPlatforms) = preSolution
		Debug|x64 = Debug|x64
		Debug|x86 = Debug|x86
		Release|x64 = Release|x64
		Release|x86 = Release|x86
	EndGlobalSection
	GlobalSection(ProjectConfigurationPlatforms) = postSolution
		{974A2A88-7135-4A77-8665-DCA915C1B5FC}.Debug|x64.ActiveCfg = Debug|x64
		{974A2A88-7135-4A77-8665-DCA915C1B5FC}.Debug|x64.Build.0 = Debug|x64
		{974A2A88-7135-4A77-8665-DCA915C1B5FC}.Debug|x86.ActiveCfg = Debug|Win32
		{974A2A88-7135-4A77-8665-DCA915C1B5FC}.Debug|x86.Build.0 = Debug|Win32
		{974A2A88-7135-4A77-8665-DCA915C1B5FC}.Release|x64.ActiveCfg = Release|x64
		{974A2A88-7135-4A77-8665-DCA915C1B5FC}.Release|x64.Build.0 = Release|x64
		{974A2A88-7135-4A77-8665-DCA915C1B5FC}.Release|x86.ActiveCfg = Release|Win32
		{974A2A88-7135-4A77-8665-DCA915C1B5FC}.Release|x86.Build.0 = Release|Win32
	EndGlobalSection
	GlobalSection(SolutionProperties) = preSolution
		HideSolutionNode = FALSE
	EndGlobalSection
	GlobalSection(ExtensibilityGlobals) = postSolution
		SolutionGuid = {DE623F2A-BA80-44D4-A470-FBE75A8441F4}
	EndGlobalSection
EndGlobal
