
Microsoft Visual Studio Solution File, Format Version 12.00
# Visual Studio Version 17
VisualStudioVersion = 17.7.34018.315
MinimumVisualStudioVersion = 10.0.40219.1
Project("{9A19103F-16F7-4668-BE54-9A1E7A4F7556}") = "ZkouskovaAPP", "ZkouskovaAPP\ZkouskovaAPP.csproj", "{127F02EF-05D3-4927-83B8-4DC69F7213B9}"
EndProject
Global
	GlobalSection(SolutionConfigurationPlatforms) = preSolution
		Debug|Any CPU = Debug|Any CPU
		Release|Any CPU = Release|Any CPU
	EndGlobalSection
	GlobalSection(ProjectConfigurationPlatforms) = postSolution
		{127F02EF-05D3-4927-83B8-4DC69F7213B9}.Debug|Any CPU.ActiveCfg = Debug|Any CPU
		{127F02EF-05D3-4927-83B8-4DC69F7213B9}.Debug|Any CPU.Build.0 = Debug|Any CPU
		{127F02EF-05D3-4927-83B8-4DC69F7213B9}.Release|Any CPU.ActiveCfg = Release|Any CPU
		{127F02EF-05D3-4927-83B8-4DC69F7213B9}.Release|Any CPU.Build.0 = Release|Any CPU
	EndGlobalSection
	GlobalSection(SolutionProperties) = preSolution
		HideSolutionNode = FALSE
	EndGlobalSection
	GlobalSection(ExtensibilityGlobals) = postSolution
		SolutionGuid = {C52E2BE7-9AD0-4296-BEE8-D2F2B939EFC8}
	EndGlobalSection
EndGlobal
