
Microsoft Visual Studio Solution File, Format Version 12.00
# Visual Studio Version 16
VisualStudioVersion = 16.0.30621.155
MinimumVisualStudioVersion = 10.0.40219.1
Project("{FAE04EC0-301F-11D3-BF4B-00C04F79EFBC}") = "Projekt 1", "Projekt 1\Projekt 1.csproj", "{5FD7A995-E7CE-47E7-9451-6E8FCB434E58}"
EndProject
Project("{FAE04EC0-301F-11D3-BF4B-00C04F79EFBC}") = "Projekt 2", "Projekt 2\Projekt 2.csproj", "{52E9CA6B-4EAE-4CE2-BCE9-3262C250916F}"
EndProject
Global
	GlobalSection(SolutionConfigurationPlatforms) = preSolution
		Debug|Any CPU = Debug|Any CPU
		Release|Any CPU = Release|Any CPU
	EndGlobalSection
	GlobalSection(ProjectConfigurationPlatforms) = postSolution
		{5FD7A995-E7CE-47E7-9451-6E8FCB434E58}.Debug|Any CPU.ActiveCfg = Debug|Any CPU
		{5FD7A995-E7CE-47E7-9451-6E8FCB434E58}.Debug|Any CPU.Build.0 = Debug|Any CPU
		{5FD7A995-E7CE-47E7-9451-6E8FCB434E58}.Release|Any CPU.ActiveCfg = Release|Any CPU
		{5FD7A995-E7CE-47E7-9451-6E8FCB434E58}.Release|Any CPU.Build.0 = Release|Any CPU
		{52E9CA6B-4EAE-4CE2-BCE9-3262C250916F}.Debug|Any CPU.ActiveCfg = Debug|Any CPU
		{52E9CA6B-4EAE-4CE2-BCE9-3262C250916F}.Debug|Any CPU.Build.0 = Debug|Any CPU
		{52E9CA6B-4EAE-4CE2-BCE9-3262C250916F}.Release|Any CPU.ActiveCfg = Release|Any CPU
		{52E9CA6B-4EAE-4CE2-BCE9-3262C250916F}.Release|Any CPU.Build.0 = Release|Any CPU
	EndGlobalSection
	GlobalSection(SolutionProperties) = preSolution
		HideSolutionNode = FALSE
	EndGlobalSection
	GlobalSection(ExtensibilityGlobals) = postSolution
		SolutionGuid = {BE461FAD-6AA3-4F22-B6F6-05303FE7D602}
	EndGlobalSection
EndGlobal
